{
  "name": "node-server",
  "version": "1.0.0",
  "lockfileVersion": 1,
  "dependencies": {
    "accept-language": {
      "version": "3.0.16",
      "resolved": "https://registry.npmjs.org/accept-language/-/accept-language-3.0.16.tgz",
      "integrity": "sha1-5zgoOmToQH5JtM95iKwhFMwjQfs="
    },
    "bcp47": {
      "version": "1.1.2",
      "resolved": "https://registry.npmjs.org/bcp47/-/bcp47-1.1.2.tgz",
      "integrity": "sha1-NUvjMH/9CEM6ePXh4glYRfifx/4="
    },
    "stable": {
      "version": "0.1.6",
      "resolved": "https://registry.npmjs.org/stable/-/stable-0.1.6.tgz",
      "integrity": "sha1-kQ9dKu17Ugxud3SZwfMuE5/eyxA="
    }
  }
}
